
Microsoft Visual Studio Solution File, Format Version 12.00
# Visual Studio Version 16
VisualStudioVersion = 16.0.29102.190
MinimumVisualStudioVersion = 10.0.40219.1
Project("{FAE04EC0-301F-11D3-BF4B-00C04F79EFBC}") = "SingletonPattern", "SingletonPattern.csproj", "{4AC486CA-2B5B-49CF-B13E-7346193F14AA}"
EndProject
Global
	GlobalSection(SolutionConfigurationPlatforms) = preSolution
		Debug|Any CPU = Debug|Any CPU
		Release|Any CPU = Release|Any CPU
	EndGlobalSection
	GlobalSection(ProjectConfigurationPlatforms) = postSolution
		{4AC486CA-2B5B-49CF-B13E-7346193F14AA}.Debug|Any CPU.ActiveCfg = Debug|Any CPU
		{4AC486CA-2B5B-49CF-B13E-7346193F14AA}.Debug|Any CPU.Build.0 = Debug|Any CPU
		{4AC486CA-2B5B-49CF-B13E-7346193F14AA}.Release|Any CPU.ActiveCfg = Release|Any CPU
		{4AC486CA-2B5B-49CF-B13E-7346193F14AA}.Release|Any CPU.Build.0 = Release|Any CPU
	EndGlobalSection
	GlobalSection(SolutionProperties) = preSolution
		HideSolutionNode = FALSE
	EndGlobalSection
	GlobalSection(ExtensibilityGlobals) = postSolution
		SolutionGuid = {D57937A6-0E88-4E25-BB23-8F17ED5BCB45}
	EndGlobalSection
EndGlobal
